
Microsoft Visual Studio Solution File, Format Version 12.00
# Visual Studio 15
VisualStudioVersion = 15.0.27428.2011
MinimumVisualStudioVersion = 10.0.40219.1
Project("{FAE04EC0-301F-11D3-BF4B-00C04F79EFBC}") = "HotelApi", "HotelApi\HotelApi.csproj", "{69E1DE5F-0397-4A84-813D-4C8375014662}"
EndProject
Global
	GlobalSection(SolutionConfigurationPlatforms) = preSolution
		Debug|Any CPU = Debug|Any CPU
		Release|Any CPU = Release|Any CPU
	EndGlobalSection
	GlobalSection(ProjectConfigurationPlatforms) = postSolution
		{69E1DE5F-0397-4A84-813D-4C8375014662}.Debug|Any CPU.ActiveCfg = Debug|Any CPU
		{69E1DE5F-0397-4A84-813D-4C8375014662}.Debug|Any CPU.Build.0 = Debug|Any CPU
		{69E1DE5F-0397-4A84-813D-4C8375014662}.Release|Any CPU.ActiveCfg = Release|Any CPU
		{69E1DE5F-0397-4A84-813D-4C8375014662}.Release|Any CPU.Build.0 = Release|Any CPU
	EndGlobalSection
	GlobalSection(SolutionProperties) = preSolution
		HideSolutionNode = FALSE
	EndGlobalSection
	GlobalSection(ExtensibilityGlobals) = postSolution
		SolutionGuid = {940EEA9D-8A34-439A-97EA-CE121AB369D7}
	EndGlobalSection
EndGlobal
